// !$*UTF8*$!
{
	archiveVersion = 1;
	classes = {
	};
	objectVersion = 46;
	objects = {

/* Begin PBXBuildFile section */
		634347151BBF729A00090F1A /* GGCache.m in Sources */ = {isa = PBXBuildFile; fileRef = 634347121BBF729A00090F1A /* GGCache.m */; settings = {ASSET_TAGS = (); }; };
		634347161BBF729A00090F1A /* GGCachedObject.m in Sources */ = {isa = PBXBuildFile; fileRef = 634347141BBF729A00090F1A /* GGCachedObject.m */; settings = {ASSET_TAGS = (); }; };
		634347191BBF74AD00090F1A /* GGNetworking.xcdatamodeld in Sources */ = {isa = PBXBuildFile; fileRef = 634347171BBF74AD00090F1A /* GGNetworking.xcdatamodeld */; settings = {ASSET_TAGS = (); }; };
		6343471E1BBF781800090F1A /* GGDiskCachedObject+CoreDataProperties.m in Sources */ = {isa = PBXBuildFile; fileRef = 6343471B1BBF781800090F1A /* GGDiskCachedObject+CoreDataProperties.m */; settings = {ASSET_TAGS = (); }; };
		6343471F1BBF781800090F1A /* GGDiskCachedObject.m in Sources */ = {isa = PBXBuildFile; fileRef = 6343471D1BBF781800090F1A /* GGDiskCachedObject.m */; settings = {ASSET_TAGS = (); }; };
		638E15581B8FFBD600345341 /* NSDictionary+GGNetworkingMethods.m in Sources */ = {isa = PBXBuildFile; fileRef = 638E15571B8FFBD600345341 /* NSDictionary+GGNetworkingMethods.m */; };
		638E155B1B8FFC2900345341 /* NSArray+GGNetworkingMethods.m in Sources */ = {isa = PBXBuildFile; fileRef = 638E155A1B8FFC2900345341 /* NSArray+GGNetworkingMethods.m */; };
		638E155E1B8FFC7700345341 /* NSURLRequest+GGNetworkingMethods.m in Sources */ = {isa = PBXBuildFile; fileRef = 638E155D1B8FFC7700345341 /* NSURLRequest+GGNetworkingMethods.m */; };
		638E15611B8FFD4800345341 /* NSObject+GGNetworkingMethods.m in Sources */ = {isa = PBXBuildFile; fileRef = 638E15601B8FFD4800345341 /* NSObject+GGNetworkingMethods.m */; };
		638E15641B8FFFD700345341 /* GGNTManager.m in Sources */ = {isa = PBXBuildFile; fileRef = 638E15631B8FFFD600345341 /* GGNTManager.m */; };
		63BF6F6D1BB922F800ED7F84 /* GGBASEModel.m in Sources */ = {isa = PBXBuildFile; fileRef = 63BF6F6C1BB922F800ED7F84 /* GGBASEModel.m */; settings = {ASSET_TAGS = (); }; };
		63BF6F701BB9273A00ED7F84 /* GGDynamicTypeModel.m in Sources */ = {isa = PBXBuildFile; fileRef = 63BF6F6F1BB9273A00ED7F84 /* GGDynamicTypeModel.m */; settings = {ASSET_TAGS = (); }; };
		63BF6F731BB93C3100ED7F84 /* GGDynamicModel.m in Sources */ = {isa = PBXBuildFile; fileRef = 63BF6F721BB93C3100ED7F84 /* GGDynamicModel.m */; settings = {ASSET_TAGS = (); }; };
		63BF6F7F1BB9483E00ED7F84 /* GGNetwokingUITests.m in Sources */ = {isa = PBXBuildFile; fileRef = 63BF6F7E1BB9483E00ED7F84 /* GGNetwokingUITests.m */; };
		63DAA5311B8DC60A0029AA8A /* main.m in Sources */ = {isa = PBXBuildFile; fileRef = 63DAA5301B8DC60A0029AA8A /* main.m */; };
		63DAA5341B8DC60A0029AA8A /* AppDelegate.m in Sources */ = {isa = PBXBuildFile; fileRef = 63DAA5331B8DC60A0029AA8A /* AppDelegate.m */; };
		63DAA5371B8DC60A0029AA8A /* ViewController.m in Sources */ = {isa = PBXBuildFile; fileRef = 63DAA5361B8DC60A0029AA8A /* ViewController.m */; };
		63DAA53A1B8DC60A0029AA8A /* Main.storyboard in Resources */ = {isa = PBXBuildFile; fileRef = 63DAA5381B8DC60A0029AA8A /* Main.storyboard */; };
		63DAA53C1B8DC60A0029AA8A /* Images.xcassets in Resources */ = {isa = PBXBuildFile; fileRef = 63DAA53B1B8DC60A0029AA8A /* Images.xcassets */; };
		63DAA53F1B8DC60A0029AA8A /* LaunchScreen.xib in Resources */ = {isa = PBXBuildFile; fileRef = 63DAA53D1B8DC60A0029AA8A /* LaunchScreen.xib */; };
		63DAA54B1B8DC60A0029AA8A /* GGNetwokingTests.m in Sources */ = {isa = PBXBuildFile; fileRef = 63DAA54A1B8DC60A0029AA8A /* GGNetwokingTests.m */; };
		63DAA56E1B8EBEE50029AA8A /* GGTopDataSource.m in Sources */ = {isa = PBXBuildFile; fileRef = 63DAA56D1B8EBEE50029AA8A /* GGTopDataSource.m */; };
		63F9C19E1B8F69FC00C9AA2B /* NSMutableString+GGNetworkMethods.m in Sources */ = {isa = PBXBuildFile; fileRef = 63F9C18A1B8F69FC00C9AA2B /* NSMutableString+GGNetworkMethods.m */; };
		63F9C1A21B8F69FC00C9AA2B /* GGLogger.m in Sources */ = {isa = PBXBuildFile; fileRef = 63F9C1931B8F69FC00C9AA2B /* GGLogger.m */; };
		63F9C1A31B8F69FC00C9AA2B /* GGBaseNetwork.m in Sources */ = {isa = PBXBuildFile; fileRef = 63F9C1961B8F69FC00C9AA2B /* GGBaseNetwork.m */; };
		63F9C1A41B8F69FC00C9AA2B /* GGURLResponse.m in Sources */ = {isa = PBXBuildFile; fileRef = 63F9C1991B8F69FC00C9AA2B /* GGURLResponse.m */; };
		852401F698B9D58F8A75C968 /* libPods.a in Frameworks */ = {isa = PBXBuildFile; fileRef = 68FA5B85F5C7F0133F08A92E /* libPods.a */; };
/* End PBXBuildFile section */

/* Begin PBXContainerItemProxy section */
		63BF6F811BB9483E00ED7F84 /* PBXContainerItemProxy */ = {
			isa = PBXContainerItemProxy;
			containerPortal = 63DAA5231B8DC60A0029AA8A /* Project object */;
			proxyType = 1;
			remoteGlobalIDString = 63DAA52A1B8DC60A0029AA8A;
			remoteInfo = GGNetwoking;
		};
		63DAA5451B8DC60A0029AA8A /* PBXContainerItemProxy */ = {
			isa = PBXContainerItemProxy;
			containerPortal = 63DAA5231B8DC60A0029AA8A /* Project object */;
			proxyType = 1;
			remoteGlobalIDString = 63DAA52A1B8DC60A0029AA8A;
			remoteInfo = GGNetwoking;
		};
/* End PBXContainerItemProxy section */

/* Begin PBXFileReference section */
		634347111BBF729A00090F1A /* GGCache.h */ = {isa = PBXFileReference; fileEncoding = 4; lastKnownFileType = sourcecode.c.h; path = GGCache.h; sourceTree = "<group>"; };
		634347121BBF729A00090F1A /* GGCache.m */ = {isa = PBXFileReference; fileEncoding = 4; lastKnownFileType = sourcecode.c.objc; path = GGCache.m; sourceTree = "<group>"; };
		634347131BBF729A00090F1A /* GGCachedObject.h */ = {isa = PBXFileReference; fileEncoding = 4; lastKnownFileType = sourcecode.c.h; path = GGCachedObject.h; sourceTree = "<group>"; };
		634347141BBF729A00090F1A /* GGCachedObject.m */ = {isa = PBXFileReference; fileEncoding = 4; lastKnownFileType = sourcecode.c.objc; path = GGCachedObject.m; sourceTree = "<group>"; };
		634347181BBF74AD00090F1A /* GGNetworking.xcdatamodel */ = {isa = PBXFileReference; lastKnownFileType = wrapper.xcdatamodel; path = GGNetworking.xcdatamodel; sourceTree = "<group>"; };
		6343471A1BBF781800090F1A /* GGDiskCachedObject+CoreDataProperties.h */ = {isa = PBXFileReference; fileEncoding = 4; lastKnownFileType = sourcecode.c.h; path = "GGDiskCachedObject+CoreDataProperties.h"; sourceTree = "<group>"; };
		6343471B1BBF781800090F1A /* GGDiskCachedObject+CoreDataProperties.m */ = {isa = PBXFileReference; fileEncoding = 4; lastKnownFileType = sourcecode.c.objc; path = "GGDiskCachedObject+CoreDataProperties.m"; sourceTree = "<group>"; };
		6343471C1BBF781800090F1A /* GGDiskCachedObject.h */ = {isa = PBXFileReference; fileEncoding = 4; lastKnownFileType = sourcecode.c.h; path = GGDiskCachedObject.h; sourceTree = "<group>"; };
		6343471D1BBF781800090F1A /* GGDiskCachedObject.m */ = {isa = PBXFileReference; fileEncoding = 4; lastKnownFileType = sourcecode.c.objc; path = GGDiskCachedObject.m; sourceTree = "<group>"; };
		638E15561B8FFBD600345341 /* NSDictionary+GGNetworkingMethods.h */ = {isa = PBXFileReference; fileEncoding = 4; lastKnownFileType = sourcecode.c.h; path = "NSDictionary+GGNetworkingMethods.h"; sourceTree = "<group>"; };
		638E15571B8FFBD600345341 /* NSDictionary+GGNetworkingMethods.m */ = {isa = PBXFileReference; fileEncoding = 4; lastKnownFileType = sourcecode.c.objc; path = "NSDictionary+GGNetworkingMethods.m"; sourceTree = "<group>"; };
		638E15591B8FFC2900345341 /* NSArray+GGNetworkingMethods.h */ = {isa = PBXFileReference; fileEncoding = 4; lastKnownFileType = sourcecode.c.h; path = "NSArray+GGNetworkingMethods.h"; sourceTree = "<group>"; };
		638E155A1B8FFC2900345341 /* NSArray+GGNetworkingMethods.m */ = {isa = PBXFileReference; fileEncoding = 4; lastKnownFileType = sourcecode.c.objc; path = "NSArray+GGNetworkingMethods.m"; sourceTree = "<group>"; };
		638E155C1B8FFC7700345341 /* NSURLRequest+GGNetworkingMethods.h */ = {isa = PBXFileReference; fileEncoding = 4; lastKnownFileType = sourcecode.c.h; path = "NSURLRequest+GGNetworkingMethods.h"; sourceTree = "<group>"; };
		638E155D1B8FFC7700345341 /* NSURLRequest+GGNetworkingMethods.m */ = {isa = PBXFileReference; fileEncoding = 4; lastKnownFileType = sourcecode.c.objc; path = "NSURLRequest+GGNetworkingMethods.m"; sourceTree = "<group>"; };
		638E155F1B8FFD4800345341 /* NSObject+GGNetworkingMethods.h */ = {isa = PBXFileReference; fileEncoding = 4; lastKnownFileType = sourcecode.c.h; path = "NSObject+GGNetworkingMethods.h"; sourceTree = "<group>"; };
		638E15601B8FFD4800345341 /* NSObject+GGNetworkingMethods.m */ = {isa = PBXFileReference; fileEncoding = 4; lastKnownFileType = sourcecode.c.objc; path = "NSObject+GGNetworkingMethods.m"; sourceTree = "<group>"; };
		638E15621B8FFFD600345341 /* GGNTManager.h */ = {isa = PBXFileReference; fileEncoding = 4; lastKnownFileType = sourcecode.c.h; path = GGNTManager.h; sourceTree = "<group>"; };
		638E15631B8FFFD600345341 /* GGNTManager.m */ = {isa = PBXFileReference; fileEncoding = 4; lastKnownFileType = sourcecode.c.objc; path = GGNTManager.m; sourceTree = "<group>"; };
		63BF6F6B1BB922F800ED7F84 /* GGBASEModel.h */ = {isa = PBXFileReference; fileEncoding = 4; lastKnownFileType = sourcecode.c.h; name = GGBASEModel.h; path = ../../GGBASEModel.h; sourceTree = "<group>"; };
		63BF6F6C1BB922F800ED7F84 /* GGBASEModel.m */ = {isa = PBXFileReference; fileEncoding = 4; lastKnownFileType = sourcecode.c.objc; name = GGBASEModel.m; path = ../../GGBASEModel.m; sourceTree = "<group>"; };
		63BF6F6E1BB9273A00ED7F84 /* GGDynamicTypeModel.h */ = {isa = PBXFileReference; fileEncoding = 4; lastKnownFileType = sourcecode.c.h; path = GGDynamicTypeModel.h; sourceTree = "<group>"; };
		63BF6F6F1BB9273A00ED7F84 /* GGDynamicTypeModel.m */ = {isa = PBXFileReference; fileEncoding = 4; lastKnownFileType = sourcecode.c.objc; path = GGDynamicTypeModel.m; sourceTree = "<group>"; };
		63BF6F711BB93C3100ED7F84 /* GGDynamicModel.h */ = {isa = PBXFileReference; fileEncoding = 4; lastKnownFileType = sourcecode.c.h; path = GGDynamicModel.h; sourceTree = "<group>"; };
		63BF6F721BB93C3100ED7F84 /* GGDynamicModel.m */ = {isa = PBXFileReference; fileEncoding = 4; lastKnownFileType = sourcecode.c.objc; path = GGDynamicModel.m; sourceTree = "<group>"; };
		63BF6F7C1BB9483E00ED7F84 /* GGNetwokingUITests.xctest */ = {isa = PBXFileReference; explicitFileType = wrapper.cfbundle; includeInIndex = 0; path = GGNetwokingUITests.xctest; sourceTree = BUILT_PRODUCTS_DIR; };
		63BF6F7E1BB9483E00ED7F84 /* GGNetwokingUITests.m */ = {isa = PBXFileReference; lastKnownFileType = sourcecode.c.objc; path = GGNetwokingUITests.m; sourceTree = "<group>"; };
		63BF6F801BB9483E00ED7F84 /* Info.plist */ = {isa = PBXFileReference; lastKnownFileType = text.plist.xml; path = Info.plist; sourceTree = "<group>"; };
		63DAA52B1B8DC60A0029AA8A /* GGNetwoking.app */ = {isa = PBXFileReference; explicitFileType = wrapper.application; includeInIndex = 0; path = GGNetwoking.app; sourceTree = BUILT_PRODUCTS_DIR; };
		63DAA52F1B8DC60A0029AA8A /* Info.plist */ = {isa = PBXFileReference; lastKnownFileType = text.plist.xml; path = Info.plist; sourceTree = "<group>"; };
		63DAA5301B8DC60A0029AA8A /* main.m */ = {isa = PBXFileReference; lastKnownFileType = sourcecode.c.objc; path = main.m; sourceTree = "<group>"; };
		63DAA5321B8DC60A0029AA8A /* AppDelegate.h */ = {isa = PBXFileReference; lastKnownFileType = sourcecode.c.h; path = AppDelegate.h; sourceTree = "<group>"; };
		63DAA5331B8DC60A0029AA8A /* AppDelegate.m */ = {isa = PBXFileReference; lastKnownFileType = sourcecode.c.objc; path = AppDelegate.m; sourceTree = "<group>"; };
		63DAA5351B8DC60A0029AA8A /* ViewController.h */ = {isa = PBXFileReference; lastKnownFileType = sourcecode.c.h; path = ViewController.h; sourceTree = "<group>"; };
		63DAA5361B8DC60A0029AA8A /* ViewController.m */ = {isa = PBXFileReference; lastKnownFileType = sourcecode.c.objc; path = ViewController.m; sourceTree = "<group>"; };
		63DAA5391B8DC60A0029AA8A /* Base */ = {isa = PBXFileReference; lastKnownFileType = file.storyboard; name = Base; path = Base.lproj/Main.storyboard; sourceTree = "<group>"; };
		63DAA53B1B8DC60A0029AA8A /* Images.xcassets */ = {isa = PBXFileReference; lastKnownFileType = folder.assetcatalog; path = Images.xcassets; sourceTree = "<group>"; };
		63DAA53E1B8DC60A0029AA8A /* Base */ = {isa = PBXFileReference; lastKnownFileType = file.xib; name = Base; path = Base.lproj/LaunchScreen.xib; sourceTree = "<group>"; };
		63DAA5441B8DC60A0029AA8A /* GGNetwokingTests.xctest */ = {isa = PBXFileReference; explicitFileType = wrapper.cfbundle; includeInIndex = 0; path = GGNetwokingTests.xctest; sourceTree = BUILT_PRODUCTS_DIR; };
		63DAA5491B8DC60A0029AA8A /* Info.plist */ = {isa = PBXFileReference; lastKnownFileType = text.plist.xml; path = Info.plist; sourceTree = "<group>"; };
		63DAA54A1B8DC60A0029AA8A /* GGNetwokingTests.m */ = {isa = PBXFileReference; lastKnownFileType = sourcecode.c.objc; path = GGNetwokingTests.m; sourceTree = "<group>"; };
		63DAA5541B8DCB3C0029AA8A /* PrefixHeader.pch */ = {isa = PBXFileReference; fileEncoding = 4; lastKnownFileType = sourcecode.c.h; path = PrefixHeader.pch; sourceTree = "<group>"; };
		63DAA5551B8DCC0A0029AA8A /* AppGlobal.h */ = {isa = PBXFileReference; fileEncoding = 4; lastKnownFileType = sourcecode.c.h; path = AppGlobal.h; sourceTree = "<group>"; };
		63DAA56C1B8EBEE50029AA8A /* GGTopDataSource.h */ = {isa = PBXFileReference; fileEncoding = 4; lastKnownFileType = sourcecode.c.h; path = GGTopDataSource.h; sourceTree = "<group>"; };
		63DAA56D1B8EBEE50029AA8A /* GGTopDataSource.m */ = {isa = PBXFileReference; fileEncoding = 4; lastKnownFileType = sourcecode.c.objc; path = GGTopDataSource.m; sourceTree = "<group>"; };
		63F9C1891B8F69FC00C9AA2B /* NSMutableString+GGNetworkMethods.h */ = {isa = PBXFileReference; fileEncoding = 4; lastKnownFileType = sourcecode.c.h; path = "NSMutableString+GGNetworkMethods.h"; sourceTree = "<group>"; };
		63F9C18A1B8F69FC00C9AA2B /* NSMutableString+GGNetworkMethods.m */ = {isa = PBXFileReference; fileEncoding = 4; lastKnownFileType = sourcecode.c.objc; path = "NSMutableString+GGNetworkMethods.m"; sourceTree = "<group>"; };
		63F9C1921B8F69FC00C9AA2B /* GGLogger.h */ = {isa = PBXFileReference; fileEncoding = 4; lastKnownFileType = sourcecode.c.h; path = GGLogger.h; sourceTree = "<group>"; };
		63F9C1931B8F69FC00C9AA2B /* GGLogger.m */ = {isa = PBXFileReference; fileEncoding = 4; lastKnownFileType = sourcecode.c.objc; path = GGLogger.m; sourceTree = "<group>"; };
		63F9C1951B8F69FC00C9AA2B /* GGBaseNetwork.h */ = {isa = PBXFileReference; fileEncoding = 4; lastKnownFileType = sourcecode.c.h; path = GGBaseNetwork.h; sourceTree = "<group>"; };
		63F9C1961B8F69FC00C9AA2B /* GGBaseNetwork.m */ = {isa = PBXFileReference; fileEncoding = 4; lastKnownFileType = sourcecode.c.objc; path = GGBaseNetwork.m; sourceTree = "<group>"; };
		63F9C1971B8F69FC00C9AA2B /* GGNTConfiguration.h */ = {isa = PBXFileReference; fileEncoding = 4; lastKnownFileType = sourcecode.c.h; path = GGNTConfiguration.h; sourceTree = "<group>"; };
		63F9C1981B8F69FC00C9AA2B /* GGURLResponse.h */ = {isa = PBXFileReference; fileEncoding = 4; lastKnownFileType = sourcecode.c.h; path = GGURLResponse.h; sourceTree = "<group>"; };
		63F9C1991B8F69FC00C9AA2B /* GGURLResponse.m */ = {isa = PBXFileReference; fileEncoding = 4; lastKnownFileType = sourcecode.c.objc; path = GGURLResponse.m; sourceTree = "<group>"; };
		68FA5B85F5C7F0133F08A92E /* libPods.a */ = {isa = PBXFileReference; explicitFileType = archive.ar; includeInIndex = 0; path = libPods.a; sourceTree = BUILT_PRODUCTS_DIR; };
		73518D794A7AD7013423F19E /* Pods.debug.xcconfig */ = {isa = PBXFileReference; includeInIndex = 1; lastKnownFileType = text.xcconfig; name = Pods.debug.xcconfig; path = "Pods/Target Support Files/Pods/Pods.debug.xcconfig"; sourceTree = "<group>"; };
		9462DC747BB39BD2CABFDBFF /* Pods.release.xcconfig */ = {isa = PBXFileReference; includeInIndex = 1; lastKnownFileType = text.xcconfig; name = Pods.release.xcconfig; path = "Pods/Target Support Files/Pods/Pods.release.xcconfig"; sourceTree = "<group>"; };
/* End PBXFileReference section */

/* Begin PBXFrameworksBuildPhase section */
		63BF6F791BB9483E00ED7F84 /* Frameworks */ = {
			isa = PBXFrameworksBuildPhase;
			buildActionMask = 2147483647;
			files = (
			);
			runOnlyForDeploymentPostprocessing = 0;
		};
		63DAA5281B8DC60A0029AA8A /* Frameworks */ = {
			isa = PBXFrameworksBuildPhase;
			buildActionMask = 2147483647;
			files = (
				852401F698B9D58F8A75C968 /* libPods.a in Frameworks */,
			);
			runOnlyForDeploymentPostprocessing = 0;
		};
		63DAA5411B8DC60A0029AA8A /* Frameworks */ = {
			isa = PBXFrameworksBuildPhase;
			buildActionMask = 2147483647;
			files = (
			);
			runOnlyForDeploymentPostprocessing = 0;
		};
/* End PBXFrameworksBuildPhase section */

/* Begin PBXGroup section */
		3BAE438E8535FF23B54C42B2 /* Pods */ = {
			isa = PBXGroup;
			children = (
				73518D794A7AD7013423F19E /* Pods.debug.xcconfig */,
				9462DC747BB39BD2CABFDBFF /* Pods.release.xcconfig */,
			);
			name = Pods;
			sourceTree = "<group>";
		};
		6343470F1BBF725900090F1A /* DiskCache */ = {
			isa = PBXGroup;
			children = (
				634347171BBF74AD00090F1A /* GGNetworking.xcdatamodeld */,
				6343471A1BBF781800090F1A /* GGDiskCachedObject+CoreDataProperties.h */,
				6343471B1BBF781800090F1A /* GGDiskCachedObject+CoreDataProperties.m */,
				6343471C1BBF781800090F1A /* GGDiskCachedObject.h */,
				6343471D1BBF781800090F1A /* GGDiskCachedObject.m */,
			);
			path = DiskCache;
			sourceTree = "<group>";
		};
		634347101BBF729A00090F1A /* MemoryCache */ = {
			isa = PBXGroup;
			children = (
				634347111BBF729A00090F1A /* GGCache.h */,
				634347121BBF729A00090F1A /* GGCache.m */,
				634347131BBF729A00090F1A /* GGCachedObject.h */,
				634347141BBF729A00090F1A /* GGCachedObject.m */,
			);
			path = MemoryCache;
			sourceTree = "<group>";
		};
		63BF6F771BB940E400ED7F84 /* RootModel */ = {
			isa = PBXGroup;
			children = (
				63BF6F6B1BB922F800ED7F84 /* GGBASEModel.h */,
				63BF6F6C1BB922F800ED7F84 /* GGBASEModel.m */,
			);
			path = RootModel;
			sourceTree = "<group>";
		};
		63BF6F7D1BB9483E00ED7F84 /* GGNetwokingUITests */ = {
			isa = PBXGroup;
			children = (
				63BF6F7E1BB9483E00ED7F84 /* GGNetwokingUITests.m */,
				63BF6F801BB9483E00ED7F84 /* Info.plist */,
			);
			path = GGNetwokingUITests;
			sourceTree = "<group>";
		};
		63DAA5221B8DC60A0029AA8A = {
			isa = PBXGroup;
			children = (
				63DAA52D1B8DC60A0029AA8A /* GGNetwoking */,
				63DAA5471B8DC60A0029AA8A /* GGNetwokingTests */,
				63BF6F7D1BB9483E00ED7F84 /* GGNetwokingUITests */,
				63DAA52C1B8DC60A0029AA8A /* Products */,
				3BAE438E8535FF23B54C42B2 /* Pods */,
				686D96542B75E8E30579E443 /* Frameworks */,
			);
			sourceTree = "<group>";
		};
		63DAA52C1B8DC60A0029AA8A /* Products */ = {
			isa = PBXGroup;
			children = (
				63DAA52B1B8DC60A0029AA8A /* GGNetwoking.app */,
				63DAA5441B8DC60A0029AA8A /* GGNetwokingTests.xctest */,
				63BF6F7C1BB9483E00ED7F84 /* GGNetwokingUITests.xctest */,
			);
			name = Products;
			sourceTree = "<group>";
		};
		63DAA52D1B8DC60A0029AA8A /* GGNetwoking */ = {
			isa = PBXGroup;
			children = (
				63F9C17E1B8F69FC00C9AA2B /* Networking */,
				63DAA5681B8EBCD20029AA8A /* Model */,
				63DAA5551B8DCC0A0029AA8A /* AppGlobal.h */,
				63DAA5321B8DC60A0029AA8A /* AppDelegate.h */,
				63DAA5331B8DC60A0029AA8A /* AppDelegate.m */,
				63DAA5351B8DC60A0029AA8A /* ViewController.h */,
				63DAA5361B8DC60A0029AA8A /* ViewController.m */,
				63DAA5381B8DC60A0029AA8A /* Main.storyboard */,
				63DAA53B1B8DC60A0029AA8A /* Images.xcassets */,
				63DAA53D1B8DC60A0029AA8A /* LaunchScreen.xib */,
				63DAA52E1B8DC60A0029AA8A /* Supporting Files */,
			);
			path = GGNetwoking;
			sourceTree = "<group>";
		};
		63DAA52E1B8DC60A0029AA8A /* Supporting Files */ = {
			isa = PBXGroup;
			children = (
				63DAA52F1B8DC60A0029AA8A /* Info.plist */,
				63DAA5301B8DC60A0029AA8A /* main.m */,
				63DAA5541B8DCB3C0029AA8A /* PrefixHeader.pch */,
			);
			name = "Supporting Files";
			sourceTree = "<group>";
		};
		63DAA5471B8DC60A0029AA8A /* GGNetwokingTests */ = {
			isa = PBXGroup;
			children = (
				63DAA54A1B8DC60A0029AA8A /* GGNetwokingTests.m */,
				63DAA5481B8DC60A0029AA8A /* Supporting Files */,
			);
			path = GGNetwokingTests;
			sourceTree = "<group>";
		};
		63DAA5481B8DC60A0029AA8A /* Supporting Files */ = {
			isa = PBXGroup;
			children = (
				63DAA5491B8DC60A0029AA8A /* Info.plist */,
			);
			name = "Supporting Files";
			sourceTree = "<group>";
		};
		63DAA5681B8EBCD20029AA8A /* Model */ = {
			isa = PBXGroup;
			children = (
				63DAA56C1B8EBEE50029AA8A /* GGTopDataSource.h */,
				63DAA56D1B8EBEE50029AA8A /* GGTopDataSource.m */,
				63BF6F6E1BB9273A00ED7F84 /* GGDynamicTypeModel.h */,
				63BF6F6F1BB9273A00ED7F84 /* GGDynamicTypeModel.m */,
				63BF6F711BB93C3100ED7F84 /* GGDynamicModel.h */,
				63BF6F721BB93C3100ED7F84 /* GGDynamicModel.m */,
			);
			name = Model;
			sourceTree = "<group>";
		};
		63F9C17E1B8F69FC00C9AA2B /* Networking */ = {
			isa = PBXGroup;
			children = (
				63F9C17F1B8F69FC00C9AA2B /* Cache */,
				63F9C1841B8F69FC00C9AA2B /* Categories */,
				63F9C1911B8F69FC00C9AA2B /* Logger */,
				63F9C1941B8F69FC00C9AA2B /* NetworkingConfiguration */,
				63BF6F771BB940E400ED7F84 /* RootModel */,
				638E15621B8FFFD600345341 /* GGNTManager.h */,
				638E15631B8FFFD600345341 /* GGNTManager.m */,
			);
			path = Networking;
			sourceTree = "<group>";
		};
		63F9C17F1B8F69FC00C9AA2B /* Cache */ = {
			isa = PBXGroup;
			children = (
				6343470F1BBF725900090F1A /* DiskCache */,
				634347101BBF729A00090F1A /* MemoryCache */,
			);
			path = Cache;
			sourceTree = "<group>";
		};
		63F9C1841B8F69FC00C9AA2B /* Categories */ = {
			isa = PBXGroup;
			children = (
				63F9C1891B8F69FC00C9AA2B /* NSMutableString+GGNetworkMethods.h */,
				63F9C18A1B8F69FC00C9AA2B /* NSMutableString+GGNetworkMethods.m */,
				638E15561B8FFBD600345341 /* NSDictionary+GGNetworkingMethods.h */,
				638E15571B8FFBD600345341 /* NSDictionary+GGNetworkingMethods.m */,
				638E15591B8FFC2900345341 /* NSArray+GGNetworkingMethods.h */,
				638E155A1B8FFC2900345341 /* NSArray+GGNetworkingMethods.m */,
				638E155C1B8FFC7700345341 /* NSURLRequest+GGNetworkingMethods.h */,
				638E155D1B8FFC7700345341 /* NSURLRequest+GGNetworkingMethods.m */,
				638E155F1B8FFD4800345341 /* NSObject+GGNetworkingMethods.h */,
				638E15601B8FFD4800345341 /* NSObject+GGNetworkingMethods.m */,
			);
			path = Categories;
			sourceTree = "<group>";
		};
		63F9C1911B8F69FC00C9AA2B /* Logger */ = {
			isa = PBXGroup;
			children = (
				63F9C1921B8F69FC00C9AA2B /* GGLogger.h */,
				63F9C1931B8F69FC00C9AA2B /* GGLogger.m */,
			);
			path = Logger;
			sourceTree = "<group>";
		};
		63F9C1941B8F69FC00C9AA2B /* NetworkingConfiguration */ = {
			isa = PBXGroup;
			children = (
				63F9C1971B8F69FC00C9AA2B /* GGNTConfiguration.h */,
				63F9C1981B8F69FC00C9AA2B /* GGURLResponse.h */,
				63F9C1991B8F69FC00C9AA2B /* GGURLResponse.m */,
				63F9C1951B8F69FC00C9AA2B /* GGBaseNetwork.h */,
				63F9C1961B8F69FC00C9AA2B /* GGBaseNetwork.m */,
			);
			path = NetworkingConfiguration;
			sourceTree = "<group>";
		};
		686D96542B75E8E30579E443 /* Frameworks */ = {
			isa = PBXGroup;
			children = (
				68FA5B85F5C7F0133F08A92E /* libPods.a */,
			);
			name = Frameworks;
			sourceTree = "<group>";
		};
/* End PBXGroup section */

/* Begin PBXNativeTarget section */
		63BF6F7B1BB9483E00ED7F84 /* GGNetwokingUITests */ = {
			isa = PBXNativeTarget;
			buildConfigurationList = 63BF6F851BB9483E00ED7F84 /* Build configuration list for PBXNativeTarget "GGNetwokingUITests" */;
			buildPhases = (
				63BF6F781BB9483E00ED7F84 /* Sources */,
				63BF6F791BB9483E00ED7F84 /* Frameworks */,
				63BF6F7A1BB9483E00ED7F84 /* Resources */,
			);
			buildRules = (
			);
			dependencies = (
				63BF6F821BB9483E00ED7F84 /* PBXTargetDependency */,
			);
			name = GGNetwokingUITests;
			productName = GGNetwokingUITests;
			productReference = 63BF6F7C1BB9483E00ED7F84 /* GGNetwokingUITests.xctest */;
			productType = "com.apple.product-type.bundle.ui-testing";
		};
		63DAA52A1B8DC60A0029AA8A /* GGNetwoking */ = {
			isa = PBXNativeTarget;
			buildConfigurationList = 63DAA54E1B8DC60A0029AA8A /* Build configuration list for PBXNativeTarget "GGNetwoking" */;
			buildPhases = (
				B2B723A0C2DC7B73BB169C90 /* Check Pods Manifest.lock */,
				63DAA5271B8DC60A0029AA8A /* Sources */,
				63DAA5281B8DC60A0029AA8A /* Frameworks */,
				63DAA5291B8DC60A0029AA8A /* Resources */,
				B23CC0B3771D2350B34DB2BA /* Copy Pods Resources */,
			);
			buildRules = (
			);
			dependencies = (
			);
			name = GGNetwoking;
			productName = GGNetwoking;
			productReference = 63DAA52B1B8DC60A0029AA8A /* GGNetwoking.app */;
			productType = "com.apple.product-type.application";
		};
		63DAA5431B8DC60A0029AA8A /* GGNetwokingTests */ = {
			isa = PBXNativeTarget;
			buildConfigurationList = 63DAA5511B8DC60A0029AA8A /* Build configuration list for PBXNativeTarget "GGNetwokingTests" */;
			buildPhases = (
				63DAA5401B8DC60A0029AA8A /* Sources */,
				63DAA5411B8DC60A0029AA8A /* Frameworks */,
				63DAA5421B8DC60A0029AA8A /* Resources */,
			);
			buildRules = (
			);
			dependencies = (
				63DAA5461B8DC60A0029AA8A /* PBXTargetDependency */,
			);
			name = GGNetwokingTests;
			productName = GGNetwokingTests;
			productReference = 63DAA5441B8DC60A0029AA8A /* GGNetwokingTests.xctest */;
			productType = "com.apple.product-type.bundle.unit-test";
		};
/* End PBXNativeTarget section */

/* Begin PBXProject section */
		63DAA5231B8DC60A0029AA8A /* Project object */ = {
			isa = PBXProject;
			attributes = {
				LastUpgradeCheck = 0640;
				ORGANIZATIONNAME = "__无邪_";
				TargetAttributes = {
					63BF6F7B1BB9483E00ED7F84 = {
						CreatedOnToolsVersion = 7.0;
						TestTargetID = 63DAA52A1B8DC60A0029AA8A;
					};
					63DAA52A1B8DC60A0029AA8A = {
						CreatedOnToolsVersion = 6.4;
					};
					63DAA5431B8DC60A0029AA8A = {
						CreatedOnToolsVersion = 6.4;
						TestTargetID = 63DAA52A1B8DC60A0029AA8A;
					};
				};
			};
			buildConfigurationList = 63DAA5261B8DC60A0029AA8A /* Build configuration list for PBXProject "GGNetwoking" */;
			compatibilityVersion = "Xcode 3.2";
			developmentRegion = English;
			hasScannedForEncodings = 0;
			knownRegions = (
				en,
				Base,
			);
			mainGroup = 63DAA5221B8DC60A0029AA8A;
			productRefGroup = 63DAA52C1B8DC60A0029AA8A /* Products */;
			projectDirPath = "";
			projectRoot = "";
			targets = (
				63DAA52A1B8DC60A0029AA8A /* GGNetwoking */,
				63DAA5431B8DC60A0029AA8A /* GGNetwokingTests */,
				63BF6F7B1BB9483E00ED7F84 /* GGNetwokingUITests */,
			);
		};
/* End PBXProject section */

/* Begin PBXResourcesBuildPhase section */
		63BF6F7A1BB9483E00ED7F84 /* Resources */ = {
			isa = PBXResourcesBuildPhase;
			buildActionMask = 2147483647;
			files = (
			);
			runOnlyForDeploymentPostprocessing = 0;
		};
		63DAA5291B8DC60A0029AA8A /* Resources */ = {
			isa = PBXResourcesBuildPhase;
			buildActionMask = 2147483647;
			files = (
				63DAA53A1B8DC60A0029AA8A /* Main.storyboard in Resources */,
				63DAA53F1B8DC60A0029AA8A /* LaunchScreen.xib in Resources */,
				63DAA53C1B8DC60A0029AA8A /* Images.xcassets in Resources */,
			);
			runOnlyForDeploymentPostprocessing = 0;
		};
		63DAA5421B8DC60A0029AA8A /* Resources */ = {
			isa = PBXResourcesBuildPhase;
			buildActionMask = 2147483647;
			files = (
			);
			runOnlyForDeploymentPostprocessing = 0;
		};
/* End PBXResourcesBuildPhase section */

/* Begin PBXShellScriptBuildPhase section */
		B23CC0B3771D2350B34DB2BA /* Copy Pods Resources */ = {
			isa = PBXShellScriptBuildPhase;
			buildActionMask = 2147483647;
			files = (
			);
			inputPaths = (
			);
			name = "Copy Pods Resources";
			outputPaths = (
			);
			runOnlyForDeploymentPostprocessing = 0;
			shellPath = /bin/sh;
			shellScript = "\"${SRCROOT}/Pods/Target Support Files/Pods/Pods-resources.sh\"\n";
			showEnvVarsInLog = 0;
		};
		B2B723A0C2DC7B73BB169C90 /* Check Pods Manifest.lock */ = {
			isa = PBXShellScriptBuildPhase;
			buildActionMask = 2147483647;
			files = (
			);
			inputPaths = (
			);
			name = "Check Pods Manifest.lock";
			outputPaths = (
			);
			runOnlyForDeploymentPostprocessing = 0;
			shellPath = /bin/sh;
			shellScript = "diff \"${PODS_ROOT}/../Podfile.lock\" \"${PODS_ROOT}/Manifest.lock\" > /dev/null\nif [[ $? != 0 ]] ; then\n    cat << EOM\nerror: The sandbox is not in sync with the Podfile.lock. Run 'pod install' or update your CocoaPods installation.\nEOM\n    exit 1\nfi\n";
			showEnvVarsInLog = 0;
		};
/* End PBXShellScriptBuildPhase section */

/* Begin PBXSourcesBuildPhase section */
		63BF6F781BB9483E00ED7F84 /* Sources */ = {
			isa = PBXSourcesBuildPhase;
			buildActionMask = 2147483647;
			files = (
				63BF6F7F1BB9483E00ED7F84 /* GGNetwokingUITests.m in Sources */,
			);
			runOnlyForDeploymentPostprocessing = 0;
		};
		63DAA5271B8DC60A0029AA8A /* Sources */ = {
			isa = PBXSourcesBuildPhase;
			buildActionMask = 2147483647;
			files = (
				63F9C1A21B8F69FC00C9AA2B /* GGLogger.m in Sources */,
				63DAA5371B8DC60A0029AA8A /* ViewController.m in Sources */,
				634347191BBF74AD00090F1A /* GGNetworking.xcdatamodeld in Sources */,
				63BF6F6D1BB922F800ED7F84 /* GGBASEModel.m in Sources */,
				63F9C19E1B8F69FC00C9AA2B /* NSMutableString+GGNetworkMethods.m in Sources */,
				638E15641B8FFFD700345341 /* GGNTManager.m in Sources */,
				6343471F1BBF781800090F1A /* GGDiskCachedObject.m in Sources */,
				63BF6F731BB93C3100ED7F84 /* GGDynamicModel.m in Sources */,
				63DAA5341B8DC60A0029AA8A /* AppDelegate.m in Sources */,
				63BF6F701BB9273A00ED7F84 /* GGDynamicTypeModel.m in Sources */,
				638E15611B8FFD4800345341 /* NSObject+GGNetworkingMethods.m in Sources */,
				63F9C1A41B8F69FC00C9AA2B /* GGURLResponse.m in Sources */,
				634347161BBF729A00090F1A /* GGCachedObject.m in Sources */,
				63DAA56E1B8EBEE50029AA8A /* GGTopDataSource.m in Sources */,
				638E155E1B8FFC7700345341 /* NSURLRequest+GGNetworkingMethods.m in Sources */,
				638E15581B8FFBD600345341 /* NSDictionary+GGNetworkingMethods.m in Sources */,
				638E155B1B8FFC2900345341 /* NSArray+GGNetworkingMethods.m in Sources */,
				634347151BBF729A00090F1A /* GGCache.m in Sources */,
				6343471E1BBF781800090F1A /* GGDiskCachedObject+CoreDataProperties.m in Sources */,
				63DAA5311B8DC60A0029AA8A /* main.m in Sources */,
				63F9C1A31B8F69FC00C9AA2B /* GGBaseNetwork.m in Sources */,
			);
			runOnlyForDeploymentPostprocessing = 0;
		};
		63DAA5401B8DC60A0029AA8A /* Sources */ = {
			isa = PBXSourcesBuildPhase;
			buildActionMask = 2147483647;
			files = (
				63DAA54B1B8DC60A0029AA8A /* GGNetwokingTests.m in Sources */,
			);
			runOnlyForDeploymentPostprocessing = 0;
		};
/* End PBXSourcesBuildPhase section */

/* Begin PBXTargetDependency section */
		63BF6F821BB9483E00ED7F84 /* PBXTargetDependency */ = {
			isa = PBXTargetDependency;
			target = 63DAA52A1B8DC60A0029AA8A /* GGNetwoking */;
			targetProxy = 63BF6F811BB9483E00ED7F84 /* PBXContainerItemProxy */;
		};
		63DAA5461B8DC60A0029AA8A /* PBXTargetDependency */ = {
			isa = PBXTargetDependency;
			target = 63DAA52A1B8DC60A0029AA8A /* GGNetwoking */;
			targetProxy = 63DAA5451B8DC60A0029AA8A /* PBXContainerItemProxy */;
		};
/* End PBXTargetDependency section */

/* Begin PBXVariantGroup section */
		63DAA5381B8DC60A0029AA8A /* Main.storyboard */ = {
			isa = PBXVariantGroup;
			children = (
				63DAA5391B8DC60A0029AA8A /* Base */,
			);
			name = Main.storyboard;
			sourceTree = "<group>";
		};
		63DAA53D1B8DC60A0029AA8A /* LaunchScreen.xib */ = {
			isa = PBXVariantGroup;
			children = (
				63DAA53E1B8DC60A0029AA8A /* Base */,
			);
			name = LaunchScreen.xib;
			sourceTree = "<group>";
		};
/* End PBXVariantGroup section */

/* Begin XCBuildConfiguration section */
		63BF6F831BB9483E00ED7F84 /* Debug */ = {
			isa = XCBuildConfiguration;
			buildSettings = {
				DEBUG_INFORMATION_FORMAT = dwarf;
				ENABLE_TESTABILITY = YES;
				INFOPLIST_FILE = GGNetwokingUITests/Info.plist;
				IPHONEOS_DEPLOYMENT_TARGET = 9.0;
				LD_RUNPATH_SEARCH_PATHS = "$(inherited) @executable_path/Frameworks @loader_path/Frameworks";
				PRODUCT_BUNDLE_IDENTIFIER = Otherplayer.GGNetwokingUITests;
				PRODUCT_NAME = "$(TARGET_NAME)";
				TEST_TARGET_NAME = GGNetwoking;
				USES_XCTRUNNER = YES;
			};
			name = Debug;
		};
		63BF6F841BB9483E00ED7F84 /* Release */ = {
			isa = XCBuildConfiguration;
			buildSettings = {
				INFOPLIST_FILE = GGNetwokingUITests/Info.plist;
				IPHONEOS_DEPLOYMENT_TARGET = 9.0;
				LD_RUNPATH_SEARCH_PATHS = "$(inherited) @executable_path/Frameworks @loader_path/Frameworks";
				PRODUCT_BUNDLE_IDENTIFIER = Otherplayer.GGNetwokingUITests;
				PRODUCT_NAME = "$(TARGET_NAME)";
				TEST_TARGET_NAME = GGNetwoking;
				USES_XCTRUNNER = YES;
			};
			name = Release;
		};
		63DAA54C1B8DC60A0029AA8A /* Debug */ = {
			isa = XCBuildConfiguration;
			buildSettings = {
				ALWAYS_SEARCH_USER_PATHS = NO;
				CLANG_CXX_LANGUAGE_STANDARD = "gnu++0x";
				CLANG_CXX_LIBRARY = "libc++";
				CLANG_ENABLE_MODULES = YES;
				CLANG_ENABLE_OBJC_ARC = YES;
				CLANG_WARN_BOOL_CONVERSION = YES;
				CLANG_WARN_CONSTANT_CONVERSION = YES;
				CLANG_WARN_DIRECT_OBJC_ISA_USAGE = YES_ERROR;
				CLANG_WARN_EMPTY_BODY = YES;
				CLANG_WARN_ENUM_CONVERSION = YES;
				CLANG_WARN_INT_CONVERSION = YES;
				CLANG_WARN_OBJC_ROOT_CLASS = YES_ERROR;
				CLANG_WARN_UNREACHABLE_CODE = YES;
				CLANG_WARN__DUPLICATE_METHOD_MATCH = YES;
				"CODE_SIGN_IDENTITY[sdk=iphoneos*]" = "iPhone Developer";
				COPY_PHASE_STRIP = NO;
				DEBUG_INFORMATION_FORMAT = "dwarf-with-dsym";
				ENABLE_STRICT_OBJC_MSGSEND = YES;
				GCC_C_LANGUAGE_STANDARD = gnu99;
				GCC_DYNAMIC_NO_PIC = NO;
				GCC_NO_COMMON_BLOCKS = YES;
				GCC_OPTIMIZATION_LEVEL = 0;
				GCC_PREPROCESSOR_DEFINITIONS = (
					"DEBUG=1",
					"$(inherited)",
				);
				GCC_SYMBOLS_PRIVATE_EXTERN = NO;
				GCC_WARN_64_TO_32_BIT_CONVERSION = YES;
				GCC_WARN_ABOUT_RETURN_TYPE = YES_ERROR;
				GCC_WARN_UNDECLARED_SELECTOR = YES;
				GCC_WARN_UNINITIALIZED_AUTOS = YES_AGGRESSIVE;
				GCC_WARN_UNUSED_FUNCTION = YES;
				GCC_WARN_UNUSED_VARIABLE = YES;
				IPHONEOS_DEPLOYMENT_TARGET = 8.4;
				MTL_ENABLE_DEBUG_INFO = YES;
				ONLY_ACTIVE_ARCH = YES;
				SDKROOT = iphoneos;
				TARGETED_DEVICE_FAMILY = "1,2";
			};
			name = Debug;
		};
		63DAA54D1B8DC60A0029AA8A /* Release */ = {
			isa = XCBuildConfiguration;
			buildSettings = {
				ALWAYS_SEARCH_USER_PATHS = NO;
				CLANG_CXX_LANGUAGE_STANDARD = "gnu++0x";
				CLANG_CXX_LIBRARY = "libc++";
				CLANG_ENABLE_MODULES = YES;
				CLANG_ENABLE_OBJC_ARC = YES;
				CLANG_WARN_BOOL_CONVERSION = YES;
				CLANG_WARN_CONSTANT_CONVERSION = YES;
				CLANG_WARN_DIRECT_OBJC_ISA_USAGE = YES_ERROR;
				CLANG_WARN_EMPTY_BODY = YES;
				CLANG_WARN_ENUM_CONVERSION = YES;
				CLANG_WARN_INT_CONVERSION = YES;
				CLANG_WARN_OBJC_ROOT_CLASS = YES_ERROR;
				CLANG_WARN_UNREACHABLE_CODE = YES;
				CLANG_WARN__DUPLICATE_METHOD_MATCH = YES;
				"CODE_SIGN_IDENTITY[sdk=iphoneos*]" = "iPhone Developer";
				COPY_PHASE_STRIP = NO;
				DEBUG_INFORMATION_FORMAT = "dwarf-with-dsym";
				ENABLE_NS_ASSERTIONS = NO;
				ENABLE_STRICT_OBJC_MSGSEND = YES;
				GCC_C_LANGUAGE_STANDARD = gnu99;
				GCC_NO_COMMON_BLOCKS = YES;
				GCC_WARN_64_TO_32_BIT_CONVERSION = YES;
				GCC_WARN_ABOUT_RETURN_TYPE = YES_ERROR;
				GCC_WARN_UNDECLARED_SELECTOR = YES;
				GCC_WARN_UNINITIALIZED_AUTOS = YES_AGGRESSIVE;
				GCC_WARN_UNUSED_FUNCTION = YES;
				GCC_WARN_UNUSED_VARIABLE = YES;
				IPHONEOS_DEPLOYMENT_TARGET = 8.4;
				MTL_ENABLE_DEBUG_INFO = NO;
				SDKROOT = iphoneos;
				TARGETED_DEVICE_FAMILY = "1,2";
				VALIDATE_PRODUCT = YES;
			};
			name = Release;
		};
		63DAA54F1B8DC60A0029AA8A /* Debug */ = {
			isa = XCBuildConfiguration;
			baseConfigurationReference = 73518D794A7AD7013423F19E /* Pods.debug.xcconfig */;
			buildSettings = {
				ASSETCATALOG_COMPILER_APPICON_NAME = AppIcon;
				GCC_INCREASE_PRECOMPILED_HEADER_SHARING = YES;
				GCC_PRECOMPILE_PREFIX_HEADER = YES;
				GCC_PREFIX_HEADER = "/Users/Otherplayer/Desktop/GGNetworking-master/GGNetwoking/PrefixHeader.pch";
				INFOPLIST_FILE = GGNetwoking/Info.plist;
				IPHONEOS_DEPLOYMENT_TARGET = 7.1;
				LD_RUNPATH_SEARCH_PATHS = "$(inherited) @executable_path/Frameworks";
				PRODUCT_NAME = "$(TARGET_NAME)";
			};
			name = Debug;
		};
		63DAA5501B8DC60A0029AA8A /* Release */ = {
			isa = XCBuildConfiguration;
			baseConfigurationReference = 9462DC747BB39BD2CABFDBFF /* Pods.release.xcconfig */;
			buildSettings = {
				ASSETCATALOG_COMPILER_APPICON_NAME = AppIcon;
				GCC_INCREASE_PRECOMPILED_HEADER_SHARING = YES;
				GCC_PRECOMPILE_PREFIX_HEADER = YES;
				GCC_PREFIX_HEADER = "/Users/Otherplayer/Desktop/GGNetworking-master/GGNetwoking/PrefixHeader.pch";
				INFOPLIST_FILE = GGNetwoking/Info.plist;
				IPHONEOS_DEPLOYMENT_TARGET = 7.1;
				LD_RUNPATH_SEARCH_PATHS = "$(inherited) @executable_path/Frameworks";
				PRODUCT_NAME = "$(TARGET_NAME)";
			};
			name = Release;
		};
		63DAA5521B8DC60A0029AA8A /* Debug */ = {
			isa = XCBuildConfiguration;
			buildSettings = {
				BUNDLE_LOADER = "$(TEST_HOST)";
				FRAMEWORK_SEARCH_PATHS = (
					"$(SDKROOT)/Developer/Library/Frameworks",
					"$(inherited)",
				);
				GCC_PREPROCESSOR_DEFINITIONS = (
					"DEBUG=1",
					"$(inherited)",
				);
				INFOPLIST_FILE = GGNetwokingTests/Info.plist;
				LD_RUNPATH_SEARCH_PATHS = "$(inherited) @executable_path/Frameworks @loader_path/Frameworks";
				PRODUCT_NAME = "$(TARGET_NAME)";
				TEST_HOST = "$(BUILT_PRODUCTS_DIR)/GGNetwoking.app/GGNetwoking";
			};
			name = Debug;
		};
		63DAA5531B8DC60A0029AA8A /* Release */ = {
			isa = XCBuildConfiguration;
			buildSettings = {
				BUNDLE_LOADER = "$(TEST_HOST)";
				FRAMEWORK_SEARCH_PATHS = (
					"$(SDKROOT)/Developer/Library/Frameworks",
					"$(inherited)",
				);
				INFOPLIST_FILE = GGNetwokingTests/Info.plist;
				LD_RUNPATH_SEARCH_PATHS = "$(inherited) @executable_path/Frameworks @loader_path/Frameworks";
				PRODUCT_NAME = "$(TARGET_NAME)";
				TEST_HOST = "$(BUILT_PRODUCTS_DIR)/GGNetwoking.app/GGNetwoking";
			};
			name = Release;
		};
/* End XCBuildConfiguration section */

/* Begin XCConfigurationList section */
		63BF6F851BB9483E00ED7F84 /* Build configuration list for PBXNativeTarget "GGNetwokingUITests" */ = {
			isa = XCConfigurationList;
			buildConfigurations = (
				63BF6F831BB9483E00ED7F84 /* Debug */,
				63BF6F841BB9483E00ED7F84 /* Release */,
			);
			defaultConfigurationIsVisible = 0;
			defaultConfigurationName = Release;
		};
		63DAA5261B8DC60A0029AA8A /* Build configuration list for PBXProject "GGNetwoking" */ = {
			isa = XCConfigurationList;
			buildConfigurations = (
				63DAA54C1B8DC60A0029AA8A /* Debug */,
				63DAA54D1B8DC60A0029AA8A /* Release */,
			);
			defaultConfigurationIsVisible = 0;
			defaultConfigurationName = Release;
		};
		63DAA54E1B8DC60A0029AA8A /* Build configuration list for PBXNativeTarget "GGNetwoking" */ = {
			isa = XCConfigurationList;
			buildConfigurations = (
				63DAA54F1B8DC60A0029AA8A /* Debug */,
				63DAA5501B8DC60A0029AA8A /* Release */,
			);
			defaultConfigurationIsVisible = 0;
			defaultConfigurationName = Release;
		};
		63DAA5511B8DC60A0029AA8A /* Build configuration list for PBXNativeTarget "GGNetwokingTests" */ = {
			isa = XCConfigurationList;
			buildConfigurations = (
				63DAA5521B8DC60A0029AA8A /* Debug */,
				63DAA5531B8DC60A0029AA8A /* Release */,
			);
			defaultConfigurationIsVisible = 0;
			defaultConfigurationName = Release;
		};
/* End XCConfigurationList section */

/* Begin XCVersionGroup section */
		634347171BBF74AD00090F1A /* GGNetworking.xcdatamodeld */ = {
			isa = XCVersionGroup;
			children = (
				634347181BBF74AD00090F1A /* GGNetworking.xcdatamodel */,
			);
			currentVersion = 634347181BBF74AD00090F1A /* GGNetworking.xcdatamodel */;
			path = GGNetworking.xcdatamodeld;
			sourceTree = "<group>";
			versionGroupType = wrapper.xcdatamodel;
		};
/* End XCVersionGroup section */
	};
	rootObject = 63DAA5231B8DC60A0029AA8A /* Project object */;
}
